
Microsoft Visual Studio Solution File, Format Version 12.00
# Visual Studio Version 16
VisualStudioVersion = 16.0.31410.357
MinimumVisualStudioVersion = 10.0.40219.1
Project("{FAE04EC0-301F-11D3-BF4B-00C04F79EFBC}") = "School_Managnment_System new", "School_Managnment_System new.csproj", "{D5D968F2-219F-4FFF-9C78-6573DF22BCDD}"
EndProject
Global
	GlobalSection(SolutionConfigurationPlatforms) = preSolution
		Debug|Any CPU = Debug|Any CPU
		Release|Any CPU = Release|Any CPU
	EndGlobalSection
	GlobalSection(ProjectConfigurationPlatforms) = postSolution
		{D5D968F2-219F-4FFF-9C78-6573DF22BCDD}.Debug|Any CPU.ActiveCfg = Debug|Any CPU
		{D5D968F2-219F-4FFF-9C78-6573DF22BCDD}.Debug|Any CPU.Build.0 = Debug|Any CPU
		{D5D968F2-219F-4FFF-9C78-6573DF22BCDD}.Release|Any CPU.ActiveCfg = Release|Any CPU
		{D5D968F2-219F-4FFF-9C78-6573DF22BCDD}.Release|Any CPU.Build.0 = Release|Any CPU
	EndGlobalSection
	GlobalSection(SolutionProperties) = preSolution
		HideSolutionNode = FALSE
	EndGlobalSection
	GlobalSection(ExtensibilityGlobals) = postSolution
		SolutionGuid = {A9C3CD6A-5430-4A07-9F15-F327A54DF2FE}
	EndGlobalSection
EndGlobal
